// !$*UTF8*$!
{
	archiveVersion = 1;
	classes = {
	};
	objectVersion = 46;
	objects = {

/* Begin PBXBuildFile section */
		B109AF0F1EA5B7C10029CD26 /* AppDelegate.swift in Sources */ = {isa = PBXBuildFile; fileRef = B109AF0E1EA5B7C10029CD26 /* AppDelegate.swift */; };
		B109AF111EA5B7C10029CD26 /* ViewController.swift in Sources */ = {isa = PBXBuildFile; fileRef = B109AF101EA5B7C10029CD26 /* ViewController.swift */; };
		B109AF141EA5B7C10029CD26 /* Main.storyboard in Resources */ = {isa = PBXBuildFile; fileRef = B109AF121EA5B7C10029CD26 /* Main.storyboard */; };
		B109AF161EA5B7C20029CD26 /* Assets.xcassets in Resources */ = {isa = PBXBuildFile; fileRef = B109AF151EA5B7C20029CD26 /* Assets.xcassets */; };
		B109AF191EA5B7C20029CD26 /* LaunchScreen.storyboard in Resources */ = {isa = PBXBuildFile; fileRef = B109AF171EA5B7C20029CD26 /* LaunchScreen.storyboard */; };
/* End PBXBuildFile section */

/* Begin PBXFileReference section */
		B109AF0B1EA5B7C10029CD26 /* MagicGrid.app */ = {isa = PBXFileReference; explicitFileType = wrapper.application; includeInIndex = 0; path = MagicGrid.app; sourceTree = BUILT_PRODUCTS_DIR; };
		B109AF0E1EA5B7C10029CD26 /* AppDelegate.swift */ = {isa = PBXFileReference; lastKnownFileType = sourcecode.swift; path = AppDelegate.swift; sourceTree = "<group>"; };
		B109AF101EA5B7C10029CD26 /* ViewController.swift */ = {isa = PBXFileReference; lastKnownFileType = sourcecode.swift; path = ViewController.swift; sourceTree = "<group>"; };
		B109AF131EA5B7C10029CD26 /* Base */ = {isa = PBXFileReference; lastKnownFileType = file.storyboard; name = Base; path = Base.lproj/Main.storyboard; sourceTree = "<group>"; };
		B109AF151EA5B7C20029CD26 /* Assets.xcassets */ = {isa = PBXFileReference; lastKnownFileType = folder.assetcatalog; path = Assets.xcassets; sourceTree = "<group>"; };
		B109AF181EA5B7C20029CD26 /* Base */ = {isa = PBXFileReference; lastKnownFileType = file.storyboard; name = Base; path = Base.lproj/LaunchScreen.storyboard; sourceTree = "<group>"; };
		B109AF1A1EA5B7C20029CD26 /* Info.plist */ = {isa = PBXFileReference; lastKnownFileType = text.plist.xml; path = Info.plist; sourceTree = "<group>"; };
/* End PBXFileReference section */

/* Begin PBXFrameworksBuildPhase section */
		B109AF081EA5B7C10029CD26 /* Frameworks */ = {
			isa = PBXFrameworksBuildPhase;
			buildActionMask = 2147483647;
			files = (
			);
			runOnlyForDeploymentPostprocessing = 0;
		};
/* End PBXFrameworksBuildPhase section */

/* Begin PBXGroup section */
		B109AF021EA5B7C10029CD26 = {
			isa = PBXGroup;
			children = (
				B109AF0D1EA5B7C10029CD26 /* MagicGrid */,
				B109AF0C1EA5B7C10029CD26 /* Products */,
			);
			sourceTree = "<group>";
		};
		B109AF0C1EA5B7C10029CD26 /* Products */ = {
			isa = PBXGroup;
			children = (
				B109AF0B1EA5B7C10029CD26 /* MagicGrid.app */,
			);
			name = Products;
			sourceTree = "<group>";
		};
		B109AF0D1EA5B7C10029CD26 /* MagicGrid */ = {
			isa = PBXGroup;
			children = (
				B109AF0E1EA5B7C10029CD26 /* AppDelegate.swift */,
				B109AF101EA5B7C10029CD26 /* ViewController.swift */,
				B109AF121EA5B7C10029CD26 /* Main.storyboard */,
				B109AF151EA5B7C20029CD26 /* Assets.xcassets */,
				B109AF171EA5B7C20029CD26 /* LaunchScreen.storyboard */,
				B109AF1A1EA5B7C20029CD26 /* Info.plist */,
			);
			path = MagicGrid;
			sourceTree = "<group>";
		};
/* End PBXGroup section */

/* Begin PBXNativeTarget section */
		B109AF0A1EA5B7C10029CD26 /* MagicGrid */ = {
			isa = PBXNativeTarget;
			buildConfigurationList = B109AF1D1EA5B7C20029CD26 /* Build configuration list for PBXNativeTarget "MagicGrid" */;
			buildPhases = (
				B109AF071EA5B7C10029CD26 /* Sources */,
				B109AF081EA5B7C10029CD26 /* Frameworks */,
				B109AF091EA5B7C10029CD26 /* Resources */,
			);
			buildRules = (
			);
			dependencies = (
			);
			name = MagicGrid;
			productName = MagicGrid;
			productReference = B109AF0B1EA5B7C10029CD26 /* MagicGrid.app */;
			productType = "com.apple.product-type.application";
		};
/* End PBXNativeTarget section */

/* Begin PBXProject section */
		B109AF031EA5B7C10029CD26 /* Project object */ = {
			isa = PBXProject;
			attributes = {
				LastSwiftUpdateCheck = 0830;
				LastUpgradeCheck = 0830;
				ORGANIZATIONNAME = VictorLee;
				TargetAttributes = {
					B109AF0A1EA5B7C10029CD26 = {
						CreatedOnToolsVersion = 8.3.1;
						DevelopmentTeam = E26925RH2T;
						ProvisioningStyle = Automatic;
					};
				};
			};
			buildConfigurationList = B109AF061EA5B7C10029CD26 /* Build configuration list for PBXProject "MagicGrid" */;
			compatibilityVersion = "Xcode 3.2";
			developmentRegion = English;
			hasScannedForEncodings = 0;
			knownRegions = (
				en,
				Base,
			);
			mainGroup = B109AF021EA5B7C10029CD26;
			productRefGroup = B109AF0C1EA5B7C10029CD26 /* Products */;
			projectDirPath = "";
			projectRoot = "";
			targets = (
				B109AF0A1EA5B7C10029CD26 /* MagicGrid */,
			);
		};
/* End PBXProject section */

/* Begin PBXResourcesBuildPhase section */
		B109AF091EA5B7C10029CD26 /* Resources */ = {
			isa = PBXResourcesBuildPhase;
			buildActionMask = 2147483647;
			files = (
				B109AF191EA5B7C20029CD26 /* LaunchScreen.storyboard in Resources */,
				B109AF161EA5B7C20029CD26 /* Assets.xcassets in Resources */,
				B109AF141EA5B7C10029CD26 /* Main.storyboard in Resources */,
			);
			runOnlyForDeploymentPostprocessing = 0;
		};
/* End PBXResourcesBuildPhase section */

/* Begin PBXSourcesBuildPhase section */
		B109AF071EA5B7C10029CD26 /* Sources */ = {
			isa = PBXSourcesBuildPhase;
			buildActionMask = 2147483647;
			files = (
				B109AF111EA5B7C10029CD26 /* ViewController.swift in Sources */,
				B109AF0F1EA5B7C10029CD26 /* AppDelegate.swift in Sources */,
			);
			runOnlyForDeploymentPostprocessing = 0;
		};
/* End PBXSourcesBuildPhase section */

/* Begin PBXVariantGroup section */
		B109AF121EA5B7C10029CD26 /* Main.storyboard */ = {
			isa = PBXVariantGroup;
			children = (
				B109AF131EA5B7C10029CD26 /* Base */,
			);
			name = Main.storyboard;
			sourceTree = "<group>";
		};
		B109AF171EA5B7C20029CD26 /* LaunchScreen.storyboard */ = {
			isa = PBXVariantGroup;
			children = (
				B109AF181EA5B7C20029CD26 /* Base */,
			);
			name = LaunchScreen.storyboard;
			sourceTree = "<group>";
		};
/* End PBXVariantGroup section */

/* Begin XCBuildConfiguration section */
		B109AF1B1EA5B7C20029CD26 /* Debug */ = {
			isa = XCBuildConfiguration;
			buildSettings = {
				ALWAYS_SEARCH_USER_PATHS = NO;
				CLANG_ANALYZER_NONNULL = YES;
				CLANG_ANALYZER_NUMBER_OBJECT_CONVERSION = YES_AGGRESSIVE;
				CLANG_CXX_LANGUAGE_STANDARD = "gnu++0x";
				CLANG_CXX_LIBRARY = "libc++";
				CLANG_ENABLE_MODULES = YES;
				CLANG_ENABLE_OBJC_ARC = YES;
				CLANG_WARN_BOOL_CONVERSION = YES;
				CLANG_WARN_CONSTANT_CONVERSION = YES;
				CLANG_WARN_DIRECT_OBJC_ISA_USAGE = YES_ERROR;
				CLANG_WARN_DOCUMENTATION_COMMENTS = YES;
				CLANG_WARN_EMPTY_BODY = YES;
				CLANG_WARN_ENUM_CONVERSION = YES;
				CLANG_WARN_INFINITE_RECURSION = YES;
				CLANG_WARN_INT_CONVERSION = YES;
				CLANG_WARN_OBJC_ROOT_CLASS = YES_ERROR;
				CLANG_WARN_SUSPICIOUS_MOVE = YES;
				CLANG_WARN_UNREACHABLE_CODE = YES;
				CLANG_WARN__DUPLICATE_METHOD_MATCH = YES;
				"CODE_SIGN_IDENTITY[sdk=iphoneos*]" = "iPhone Developer";
				COPY_PHASE_STRIP = NO;
				DEBUG_INFORMATION_FORMAT = dwarf;
				ENABLE_STRICT_OBJC_MSGSEND = YES;
				ENABLE_TESTABILITY = YES;
				GCC_C_LANGUAGE_STANDARD = gnu99;
				GCC_DYNAMIC_NO_PIC = NO;
				GCC_NO_COMMON_BLOCKS = YES;
				GCC_OPTIMIZATION_LEVEL = 0;
				GCC_PREPROCESSOR_DEFINITIONS = (
					"DEBUG=1",
					"$(inherited)",
				);
				GCC_WARN_64_TO_32_BIT_CONVERSION = YES;
				GCC_WARN_ABOUT_RETURN_TYPE = YES_ERROR;
				GCC_WARN_UNDECLARED_SELECTOR = YES;
				GCC_WARN_UNINITIALIZED_AUTOS = YES_AGGRESSIVE;
				GCC_WARN_UNUSED_FUNCTION = YES;
				GCC_WARN_UNUSED_VARIABLE = YES;
				IPHONEOS_DEPLOYMENT_TARGET = 10.3;
				MTL_ENABLE_DEBUG_INFO = YES;
				ONLY_ACTIVE_ARCH = YES;
				SDKROOT = iphoneos;
				SWIFT_ACTIVE_COMPILATION_CONDITIONS = DEBUG;
				SWIFT_OPTIMIZATION_LEVEL = "-Onone";
			};
			name = Debug;
		};
		B109AF1C1EA5B7C20029CD26 /* Release */ = {
			isa = XCBuildConfiguration;
			buildSettings = {
				ALWAYS_SEARCH_USER_PATHS = NO;
				CLANG_ANALYZER_NONNULL = YES;
				CLANG_ANALYZER_NUMBER_OBJECT_CONVERSION = YES_AGGRESSIVE;
				CLANG_CXX_LANGUAGE_STANDARD = "gnu++0x";
				CLANG_CXX_LIBRARY = "libc++";
				CLANG_ENABLE_MODULES = YES;
				CLANG_ENABLE_OBJC_ARC = YES;
				CLANG_WARN_BOOL_CONVERSION = YES;
				CLANG_WARN_CONSTANT_CONVERSION = YES;
				CLANG_WARN_DIRECT_OBJC_ISA_USAGE = YES_ERROR;
				CLANG_WARN_DOCUMENTATION_COMMENTS = YES;
				CLANG_WARN_EMPTY_BODY = YES;
				CLANG_WARN_ENUM_CONVERSION = YES;
				CLANG_WARN_INFINITE_RECURSION = YES;
				CLANG_WARN_INT_CONVERSION = YES;
				CLANG_WARN_OBJC_ROOT_CLASS = YES_ERROR;
				CLANG_WARN_SUSPICIOUS_MOVE = YES;
				CLANG_WARN_UNREACHABLE_CODE = YES;
				CLANG_WARN__DUPLICATE_METHOD_MATCH = YES;
				"CODE_SIGN_IDENTITY[sdk=iphoneos*]" = "iPhone Developer";
				COPY_PHASE_STRIP = NO;
				DEBUG_INFORMATION_FORMAT = "dwarf-with-dsym";
				ENABLE_NS_ASSERTIONS = NO;
				ENABLE_STRICT_OBJC_MSGSEND = YES;
				GCC_C_LANGUAGE_STANDARD = gnu99;
				GCC_NO_COMMON_BLOCKS = YES;
				GCC_WARN_64_TO_32_BIT_CONVERSION = YES;
				GCC_WARN_ABOUT_RETURN_TYPE = YES_ERROR;
				GCC_WARN_UNDECLARED_SELECTOR = YES;
				GCC_WARN_UNINITIALIZED_AUTOS = YES_AGGRESSIVE;
				GCC_WARN_UNUSED_FUNCTION = YES;
				GCC_WARN_UNUSED_VARIABLE = YES;
				IPHONEOS_DEPLOYMENT_TARGET = 10.3;
				MTL_ENABLE_DEBUG_INFO = NO;
				SDKROOT = iphoneos;
				SWIFT_OPTIMIZATION_LEVEL = "-Owholemodule";
				VALIDATE_PRODUCT = YES;
			};
			name = Release;
		};
		B109AF1E1EA5B7C20029CD26 /* Debug */ = {
			isa = XCBuildConfiguration;
			buildSettings = {
				ASSETCATALOG_COMPILER_APPICON_NAME = AppIcon;
				DEVELOPMENT_TEAM = E26925RH2T;
				INFOPLIST_FILE = MagicGrid/Info.plist;
				LD_RUNPATH_SEARCH_PATHS = "$(inherited) @executable_path/Frameworks";
				PRODUCT_BUNDLE_IDENTIFIER = com.VictorLee.MagicGrid;
				PRODUCT_NAME = "$(TARGET_NAME)";
				SWIFT_VERSION = 3.0;
			};
			name = Debug;
		};
		B109AF1F1EA5B7C20029CD26 /* Release */ = {
			isa = XCBuildConfiguration;
			buildSettings = {
				ASSETCATALOG_COMPILER_APPICON_NAME = AppIcon;
				DEVELOPMENT_TEAM = E26925RH2T;
				INFOPLIST_FILE = MagicGrid/Info.plist;
				LD_RUNPATH_SEARCH_PATHS = "$(inherited) @executable_path/Frameworks";
				PRODUCT_BUNDLE_IDENTIFIER = com.VictorLee.MagicGrid;
				PRODUCT_NAME = "$(TARGET_NAME)";
				SWIFT_VERSION = 3.0;
			};
			name = Release;
		};
/* End XCBuildConfiguration section */

/* Begin XCConfigurationList section */
		B109AF061EA5B7C10029CD26 /* Build configuration list for PBXProject "MagicGrid" */ = {
			isa = XCConfigurationList;
			buildConfigurations = (
				B109AF1B1EA5B7C20029CD26 /* Debug */,
				B109AF1C1EA5B7C20029CD26 /* Release */,
			);
			defaultConfigurationIsVisible = 0;
			defaultConfigurationName = Release;
		};
		B109AF1D1EA5B7C20029CD26 /* Build configuration list for PBXNativeTarget "MagicGrid" */ = {
			isa = XCConfigurationList;
			buildConfigurations = (
				B109AF1E1EA5B7C20029CD26 /* Debug */,
				B109AF1F1EA5B7C20029CD26 /* Release */,
			);
			defaultConfigurationIsVisible = 0;
		};
/* End XCConfigurationList section */
	};
	rootObject = B109AF031EA5B7C10029CD26 /* Project object */;
}
